Microsoft Visual Studio Solution File, Format Version 12.00
# Visual Studio Version 17
VisualStudioVersion = 17.5.2.0
MinimumVisualStudioVersion = 10.0.40219.1
Project("{FAE04EC0-301F-11D3-BF4B-00C04F79EFBC}") = "2DArray", "2DArray.csproj", "{1DDFF221-DB95-2BB9-3150-93573CC5F35C}"
EndProject
Global
	GlobalSection(SolutionConfigurationPlatforms) = preSolution
		Debug|Any CPU = Debug|Any CPU
		Release|Any CPU = Release|Any CPU
	EndGlobalSection
	GlobalSection(ProjectConfigurationPlatforms) = postSolution
		{1DDFF221-DB95-2BB9-3150-93573CC5F35C}.Debug|Any CPU.ActiveCfg = Debug|Any CPU
		{1DDFF221-DB95-2BB9-3150-93573CC5F35C}.Debug|Any CPU.Build.0 = Debug|Any CPU
		{1DDFF221-DB95-2BB9-3150-93573CC5F35C}.Release|Any CPU.ActiveCfg = Release|Any CPU
		{1DDFF221-DB95-2BB9-3150-93573CC5F35C}.Release|Any CPU.Build.0 = Release|Any CPU
	EndGlobalSection
	GlobalSection(SolutionProperties) = preSolution
		HideSolutionNode = FALSE
	EndGlobalSection
	GlobalSection(ExtensibilityGlobals) = postSolution
		SolutionGuid = {B1CDB8E3-9033-428D-B4E9-03DECB775B1E}
	EndGlobalSection
EndGlobal
