Microsoft Visual Studio Solution File, Format Version 12.00
# Visual Studio Version 17
VisualStudioVersion = 17.5.2.0
MinimumVisualStudioVersion = 10.0.40219.1
Project("{FAE04EC0-301F-11D3-BF4B-00C04F79EFBC}") = "lambdaOne", "lambdaOne.csproj", "{79DAB981-BBAB-038D-B62F-3366B3D95101}"
EndProject
Global
	GlobalSection(SolutionConfigurationPlatforms) = preSolution
		Debug|Any CPU = Debug|Any CPU
		Release|Any CPU = Release|Any CPU
	EndGlobalSection
	GlobalSection(ProjectConfigurationPlatforms) = postSolution
		{79DAB981-BBAB-038D-B62F-3366B3D95101}.Debug|Any CPU.ActiveCfg = Debug|Any CPU
		{79DAB981-BBAB-038D-B62F-3366B3D95101}.Debug|Any CPU.Build.0 = Debug|Any CPU
		{79DAB981-BBAB-038D-B62F-3366B3D95101}.Release|Any CPU.ActiveCfg = Release|Any CPU
		{79DAB981-BBAB-038D-B62F-3366B3D95101}.Release|Any CPU.Build.0 = Release|Any CPU
	EndGlobalSection
	GlobalSection(SolutionProperties) = preSolution
		HideSolutionNode = FALSE
	EndGlobalSection
	GlobalSection(ExtensibilityGlobals) = postSolution
		SolutionGuid = {FD9D361A-E422-4402-B05C-EC319F2ED40E}
	EndGlobalSection
EndGlobal
